// !$*UTF8*$!
{
	archiveVersion = 1;
	classes = {
	};
	objectVersion = 50;
	objects = {

/* Begin PBXBuildFile section */
		277658DB21EA6062007BA05A /* AppDelegate.swift in Sources */ = {isa = PBXBuildFile; fileRef = 277658DA21EA6062007BA05A /* AppDelegate.swift */; };
		277658DD21EA6063007BA05A /* Assets.xcassets in Resources */ = {isa = PBXBuildFile; fileRef = 277658DC21EA6063007BA05A /* Assets.xcassets */; };
		277658E021EA6063007BA05A /* MainMenu.xib in Resources */ = {isa = PBXBuildFile; fileRef = 277658DE21EA6063007BA05A /* MainMenu.xib */; };
		277658EC21EA6063007BA05A /* MeteoBarTests.swift in Sources */ = {isa = PBXBuildFile; fileRef = 277658EB21EA6063007BA05A /* MeteoBarTests.swift */; };
		277658F721EA6063007BA05A /* MeteoBarUITests.swift in Sources */ = {isa = PBXBuildFile; fileRef = 277658F621EA6063007BA05A /* MeteoBarUITests.swift */; };
		2780456821EAB9290026E1F7 /* README.md in Resources */ = {isa = PBXBuildFile; fileRef = 2780456721EAB9290026E1F7 /* README.md */; };
		27A0545821EB8520001F4913 /* MainMenuController.swift in Sources */ = {isa = PBXBuildFile; fileRef = 27A0545721EB8520001F4913 /* MainMenuController.swift */; };
		27CA785E21EBA22B000D517D /* QuantumLogger.swift in Sources */ = {isa = PBXBuildFile; fileRef = 27CA785D21EBA22B000D517D /* QuantumLogger.swift */; };
		27CA786121EBA7CD000D517D /* .swiftlint.yml in Resources */ = {isa = PBXBuildFile; fileRef = 27CA786021EBA7CD000D517D /* .swiftlint.yml */; };
		27CA786621EBC06A000D517D /* AboutController.swift in Sources */ = {isa = PBXBuildFile; fileRef = 27CA786421EBC06A000D517D /* AboutController.swift */; };
		27CA786721EBC06A000D517D /* About.xib in Resources */ = {isa = PBXBuildFile; fileRef = 27CA786521EBC06A000D517D /* About.xib */; };
		27CA786921EC19DE000D517D /* QJHyperTextField.swift in Sources */ = {isa = PBXBuildFile; fileRef = 27CA786821EC19DE000D517D /* QJHyperTextField.swift */; };
		27CA786B21EC1B4F000D517D /* QJQuickResponseTableView.swift in Sources */ = {isa = PBXBuildFile; fileRef = 27CA786A21EC1B4E000D517D /* QJQuickResponseTableView.swift */; };
		27CC8FEB21F181D500CDDF66 /* MeteobridgeSensor.swift in Sources */ = {isa = PBXBuildFile; fileRef = 27CC8FEA21F181D500CDDF66 /* MeteobridgeSensor.swift */; };
		27CC8FED21F1875D00CDDF66 /* MeteoSensorUnit.swift in Sources */ = {isa = PBXBuildFile; fileRef = 27CC8FEC21F1875D00CDDF66 /* MeteoSensorUnit.swift */; };
		27E6C5BD21ED58C800548CF0 /* books.png in Resources */ = {isa = PBXBuildFile; fileRef = 27E6C5BC21ED58C800548CF0 /* books.png */; };
		27E6C5BF21ED595500548CF0 /* QLExtensions.swift in Sources */ = {isa = PBXBuildFile; fileRef = 27E6C5BE21ED595500548CF0 /* QLExtensions.swift */; };
		27F8901B21F252BA00F8605E /* Meteobridge.swift in Sources */ = {isa = PBXBuildFile; fileRef = 27F8901A21F252BA00F8605E /* Meteobridge.swift */; };
		27F8901D21F2A25D00F8605E /* WeatherPlatform.swift in Sources */ = {isa = PBXBuildFile; fileRef = 27F8901C21F2A25D00F8605E /* WeatherPlatform.swift */; };
		27F8902121F2D24B00F8605E /* Config in Resources */ = {isa = PBXBuildFile; fileRef = 27F8902021F2D24B00F8605E /* Config */; };
		27FCB6FD21F4199700A90715 /* MeteoObservation.swift in Sources */ = {isa = PBXBuildFile; fileRef = 27FCB6FC21F4199700A90715 /* MeteoObservation.swift */; };
		90741511A36FDD592ADA1C91 /* Pods_MeteoBar.framework in Frameworks */ = {isa = PBXBuildFile; fileRef = 949E236247E7C9ADBF55C395 /* Pods_MeteoBar.framework */; };
/* End PBXBuildFile section */

/* Begin PBXContainerItemProxy section */
		277658E821EA6063007BA05A /* PBXContainerItemProxy */ = {
			isa = PBXContainerItemProxy;
			containerPortal = 277658CF21EA6062007BA05A /* Project object */;
			proxyType = 1;
			remoteGlobalIDString = 277658D621EA6062007BA05A;
			remoteInfo = MeteoBar;
		};
		277658F321EA6063007BA05A /* PBXContainerItemProxy */ = {
			isa = PBXContainerItemProxy;
			containerPortal = 277658CF21EA6062007BA05A /* Project object */;
			proxyType = 1;
			remoteGlobalIDString = 277658D621EA6062007BA05A;
			remoteInfo = MeteoBar;
		};
/* End PBXContainerItemProxy section */

/* Begin PBXFileReference section */
		277658D721EA6062007BA05A /* MeteoBar.app */ = {isa = PBXFileReference; explicitFileType = wrapper.application; includeInIndex = 0; path = MeteoBar.app; sourceTree = BUILT_PRODUCTS_DIR; };
		277658DA21EA6062007BA05A /* AppDelegate.swift */ = {isa = PBXFileReference; lastKnownFileType = sourcecode.swift; path = AppDelegate.swift; sourceTree = "<group>"; };
		277658DC21EA6063007BA05A /* Assets.xcassets */ = {isa = PBXFileReference; lastKnownFileType = folder.assetcatalog; path = Assets.xcassets; sourceTree = "<group>"; };
		277658DF21EA6063007BA05A /* Base */ = {isa = PBXFileReference; lastKnownFileType = file.xib; name = Base; path = Base.lproj/MainMenu.xib; sourceTree = "<group>"; };
		277658E121EA6063007BA05A /* Info.plist */ = {isa = PBXFileReference; lastKnownFileType = text.plist.xml; path = Info.plist; sourceTree = "<group>"; };
		277658E221EA6063007BA05A /* MeteoBar.entitlements */ = {isa = PBXFileReference; lastKnownFileType = text.plist.entitlements; path = MeteoBar.entitlements; sourceTree = "<group>"; };
		277658E721EA6063007BA05A /* MeteoBarTests.xctest */ = {isa = PBXFileReference; explicitFileType = wrapper.cfbundle; includeInIndex = 0; path = MeteoBarTests.xctest; sourceTree = BUILT_PRODUCTS_DIR; };
		277658EB21EA6063007BA05A /* MeteoBarTests.swift */ = {isa = PBXFileReference; lastKnownFileType = sourcecode.swift; path = MeteoBarTests.swift; sourceTree = "<group>"; };
		277658ED21EA6063007BA05A /* Info.plist */ = {isa = PBXFileReference; lastKnownFileType = text.plist.xml; path = Info.plist; sourceTree = "<group>"; };
		277658F221EA6063007BA05A /* MeteoBarUITests.xctest */ = {isa = PBXFileReference; explicitFileType = wrapper.cfbundle; includeInIndex = 0; path = MeteoBarUITests.xctest; sourceTree = BUILT_PRODUCTS_DIR; };
		277658F621EA6063007BA05A /* MeteoBarUITests.swift */ = {isa = PBXFileReference; lastKnownFileType = sourcecode.swift; path = MeteoBarUITests.swift; sourceTree = "<group>"; };
		277658F821EA6063007BA05A /* Info.plist */ = {isa = PBXFileReference; lastKnownFileType = text.plist.xml; path = Info.plist; sourceTree = "<group>"; };
		2780456721EAB9290026E1F7 /* README.md */ = {isa = PBXFileReference; fileEncoding = 4; lastKnownFileType = net.daringfireball.markdown; path = README.md; sourceTree = "<group>"; xcLanguageSpecificationIdentifier = xcode.lang.markdown; };
		27A0545721EB8520001F4913 /* MainMenuController.swift */ = {isa = PBXFileReference; lastKnownFileType = sourcecode.swift; path = MainMenuController.swift; sourceTree = "<group>"; };
		27CA785D21EBA22B000D517D /* QuantumLogger.swift */ = {isa = PBXFileReference; lastKnownFileType = sourcecode.swift; path = QuantumLogger.swift; sourceTree = "<group>"; };
		27CA786021EBA7CD000D517D /* .swiftlint.yml */ = {isa = PBXFileReference; fileEncoding = 4; lastKnownFileType = text; path = .swiftlint.yml; sourceTree = "<group>"; };
		27CA786421EBC06A000D517D /* AboutController.swift */ = {isa = PBXFileReference; lastKnownFileType = sourcecode.swift; path = AboutController.swift; sourceTree = "<group>"; };
		27CA786521EBC06A000D517D /* About.xib */ = {isa = PBXFileReference; lastKnownFileType = file.xib; path = About.xib; sourceTree = "<group>"; };
		27CA786821EC19DE000D517D /* QJHyperTextField.swift */ = {isa = PBXFileReference; fileEncoding = 4; lastKnownFileType = sourcecode.swift; path = QJHyperTextField.swift; sourceTree = "<group>"; };
		27CA786A21EC1B4E000D517D /* QJQuickResponseTableView.swift */ = {isa = PBXFileReference; fileEncoding = 4; lastKnownFileType = sourcecode.swift; path = QJQuickResponseTableView.swift; sourceTree = "<group>"; };
		27CC8FEA21F181D500CDDF66 /* MeteobridgeSensor.swift */ = {isa = PBXFileReference; lastKnownFileType = sourcecode.swift; path = MeteobridgeSensor.swift; sourceTree = "<group>"; };
		27CC8FEC21F1875D00CDDF66 /* MeteoSensorUnit.swift */ = {isa = PBXFileReference; lastKnownFileType = sourcecode.swift; path = MeteoSensorUnit.swift; sourceTree = "<group>"; };
		27E6C5BC21ED58C800548CF0 /* books.png */ = {isa = PBXFileReference; lastKnownFileType = image.png; path = books.png; sourceTree = "<group>"; };
		27E6C5BE21ED595500548CF0 /* QLExtensions.swift */ = {isa = PBXFileReference; lastKnownFileType = sourcecode.swift; path = QLExtensions.swift; sourceTree = "<group>"; };
		27F8901A21F252BA00F8605E /* Meteobridge.swift */ = {isa = PBXFileReference; lastKnownFileType = sourcecode.swift; path = Meteobridge.swift; sourceTree = "<group>"; };
		27F8901C21F2A25D00F8605E /* WeatherPlatform.swift */ = {isa = PBXFileReference; lastKnownFileType = sourcecode.swift; path = WeatherPlatform.swift; sourceTree = "<group>"; };
		27F8902021F2D24B00F8605E /* Config */ = {isa = PBXFileReference; lastKnownFileType = folder; name = Config; path = MeteoBar/Config; sourceTree = "<group>"; };
		27FCB6FC21F4199700A90715 /* MeteoObservation.swift */ = {isa = PBXFileReference; lastKnownFileType = sourcecode.swift; path = MeteoObservation.swift; sourceTree = "<group>"; };
		700F686E201CF540D2B18B66 /* Pods-MeteoBar.release.xcconfig */ = {isa = PBXFileReference; includeInIndex = 1; lastKnownFileType = text.xcconfig; name = "Pods-MeteoBar.release.xcconfig"; path = "Pods/Target Support Files/Pods-MeteoBar/Pods-MeteoBar.release.xcconfig"; sourceTree = "<group>"; };
		949E236247E7C9ADBF55C395 /* Pods_MeteoBar.framework */ = {isa = PBXFileReference; explicitFileType = wrapper.framework; includeInIndex = 0; path = Pods_MeteoBar.framework; sourceTree = BUILT_PRODUCTS_DIR; };
		96CECC9637FB5045AF87C31A /* Pods-MeteoBar.debug.xcconfig */ = {isa = PBXFileReference; includeInIndex = 1; lastKnownFileType = text.xcconfig; name = "Pods-MeteoBar.debug.xcconfig"; path = "Pods/Target Support Files/Pods-MeteoBar/Pods-MeteoBar.debug.xcconfig"; sourceTree = "<group>"; };
/* End PBXFileReference section */

/* Begin PBXFrameworksBuildPhase section */
		277658D421EA6062007BA05A /* Frameworks */ = {
			isa = PBXFrameworksBuildPhase;
			buildActionMask = 2147483647;
			files = (
				90741511A36FDD592ADA1C91 /* Pods_MeteoBar.framework in Frameworks */,
			);
			runOnlyForDeploymentPostprocessing = 0;
		};
		277658E421EA6063007BA05A /* Frameworks */ = {
			isa = PBXFrameworksBuildPhase;
			buildActionMask = 2147483647;
			files = (
			);
			runOnlyForDeploymentPostprocessing = 0;
		};
		277658EF21EA6063007BA05A /* Frameworks */ = {
			isa = PBXFrameworksBuildPhase;
			buildActionMask = 2147483647;
			files = (
			);
			runOnlyForDeploymentPostprocessing = 0;
		};
/* End PBXFrameworksBuildPhase section */

/* Begin PBXGroup section */
		277658CE21EA6062007BA05A = {
			isa = PBXGroup;
			children = (
				27F8902021F2D24B00F8605E /* Config */,
				2780456721EAB9290026E1F7 /* README.md */,
				27CA786321EBA906000D517D /* External Config */,
				277658D921EA6062007BA05A /* MeteoBar */,
				277658EA21EA6063007BA05A /* MeteoBarTests */,
				277658F521EA6063007BA05A /* MeteoBarUITests */,
				277658D821EA6062007BA05A /* Products */,
				C68784455BCD93F188D28FEF /* Pods */,
				4AE0CA2D802B1E020E7ED7D3 /* Frameworks */,
			);
			sourceTree = "<group>";
		};
		277658D821EA6062007BA05A /* Products */ = {
			isa = PBXGroup;
			children = (
				277658D721EA6062007BA05A /* MeteoBar.app */,
				277658E721EA6063007BA05A /* MeteoBarTests.xctest */,
				277658F221EA6063007BA05A /* MeteoBarUITests.xctest */,
			);
			name = Products;
			sourceTree = "<group>";
		};
		277658D921EA6062007BA05A /* MeteoBar */ = {
			isa = PBXGroup;
			children = (
				277658DA21EA6062007BA05A /* AppDelegate.swift */,
				27A0545321EB80CC001F4913 /* Custom User Interface Elements */,
				27A0545421EB829A001F4913 /* Model */,
				27A0545521EB82A0001F4913 /* View */,
				27A0545621EB82AB001F4913 /* Controller */,
				277658DC21EA6063007BA05A /* Assets.xcassets */,
				277658E121EA6063007BA05A /* Info.plist */,
				277658E221EA6063007BA05A /* MeteoBar.entitlements */,
				27CA785C21EBA1F0000D517D /* Utility */,
			);
			path = MeteoBar;
			sourceTree = "<group>";
		};
		277658EA21EA6063007BA05A /* MeteoBarTests */ = {
			isa = PBXGroup;
			children = (
				277658EB21EA6063007BA05A /* MeteoBarTests.swift */,
				277658ED21EA6063007BA05A /* Info.plist */,
			);
			path = MeteoBarTests;
			sourceTree = "<group>";
		};
		277658F521EA6063007BA05A /* MeteoBarUITests */ = {
			isa = PBXGroup;
			children = (
				277658F621EA6063007BA05A /* MeteoBarUITests.swift */,
				277658F821EA6063007BA05A /* Info.plist */,
			);
			path = MeteoBarUITests;
			sourceTree = "<group>";
		};
		27A0545321EB80CC001F4913 /* Custom User Interface Elements */ = {
			isa = PBXGroup;
			children = (
				27E6C5BB21ED58B200548CF0 /* Graphics */,
				27CA786A21EC1B4E000D517D /* QJQuickResponseTableView.swift */,
				27CA786821EC19DE000D517D /* QJHyperTextField.swift */,
			);
			path = "Custom User Interface Elements";
			sourceTree = "<group>";
		};
		27A0545421EB829A001F4913 /* Model */ = {
			isa = PBXGroup;
			children = (
				27CC8FE921F1816700CDDF66 /* Meteobridge */,
			);
			path = Model;
			sourceTree = "<group>";
		};
		27A0545521EB82A0001F4913 /* View */ = {
			isa = PBXGroup;
			children = (
				27CA786521EBC06A000D517D /* About.xib */,
				277658DE21EA6063007BA05A /* MainMenu.xib */,
			);
			path = View;
			sourceTree = "<group>";
		};
		27A0545621EB82AB001F4913 /* Controller */ = {
			isa = PBXGroup;
			children = (
				27CA786421EBC06A000D517D /* AboutController.swift */,
				27A0545721EB8520001F4913 /* MainMenuController.swift */,
			);
			path = Controller;
			sourceTree = "<group>";
		};
		27CA785C21EBA1F0000D517D /* Utility */ = {
			isa = PBXGroup;
			children = (
				27CA785D21EBA22B000D517D /* QuantumLogger.swift */,
				27E6C5BE21ED595500548CF0 /* QLExtensions.swift */,
			);
			path = Utility;
			sourceTree = "<group>";
		};
		27CA786321EBA906000D517D /* External Config */ = {
			isa = PBXGroup;
			children = (
				27CA786021EBA7CD000D517D /* .swiftlint.yml */,
			);
			name = "External Config";
			sourceTree = "<group>";
		};
		27CC8FE921F1816700CDDF66 /* Meteobridge */ = {
			isa = PBXGroup;
			children = (
				27CC8FEA21F181D500CDDF66 /* MeteobridgeSensor.swift */,
				27FCB6FC21F4199700A90715 /* MeteoObservation.swift */,
				27CC8FEC21F1875D00CDDF66 /* MeteoSensorUnit.swift */,
				27F8901C21F2A25D00F8605E /* WeatherPlatform.swift */,
				27F8901A21F252BA00F8605E /* Meteobridge.swift */,
			);
			path = Meteobridge;
			sourceTree = "<group>";
		};
		27E6C5BB21ED58B200548CF0 /* Graphics */ = {
			isa = PBXGroup;
			children = (
				27E6C5BC21ED58C800548CF0 /* books.png */,
			);
			path = Graphics;
			sourceTree = "<group>";
		};
		4AE0CA2D802B1E020E7ED7D3 /* Frameworks */ = {
			isa = PBXGroup;
			children = (
				949E236247E7C9ADBF55C395 /* Pods_MeteoBar.framework */,
			);
			name = Frameworks;
			sourceTree = "<group>";
		};
		C68784455BCD93F188D28FEF /* Pods */ = {
			isa = PBXGroup;
			children = (
				96CECC9637FB5045AF87C31A /* Pods-MeteoBar.debug.xcconfig */,
				700F686E201CF540D2B18B66 /* Pods-MeteoBar.release.xcconfig */,
			);
			name = Pods;
			sourceTree = "<group>";
		};
/* End PBXGroup section */

/* Begin PBXNativeTarget section */
		277658D621EA6062007BA05A /* MeteoBar */ = {
			isa = PBXNativeTarget;
			buildConfigurationList = 277658FB21EA6063007BA05A /* Build configuration list for PBXNativeTarget "MeteoBar" */;
			buildPhases = (
				FC7E646D9747A89EDD9B4369 /* [CP] Check Pods Manifest.lock */,
				277658D321EA6062007BA05A /* Sources */,
				277658D421EA6062007BA05A /* Frameworks */,
				277658D521EA6062007BA05A /* Resources */,
				4AAA4E105B95981925D02E2F /* [CP] Embed Pods Frameworks */,
				27CA785F21EBA42E000D517D /* ShellScript */,
			);
			buildRules = (
			);
			dependencies = (
			);
			name = MeteoBar;
			productName = MeteoBar;
			productReference = 277658D721EA6062007BA05A /* MeteoBar.app */;
			productType = "com.apple.product-type.application";
		};
		277658E621EA6063007BA05A /* MeteoBarTests */ = {
			isa = PBXNativeTarget;
			buildConfigurationList = 277658FE21EA6063007BA05A /* Build configuration list for PBXNativeTarget "MeteoBarTests" */;
			buildPhases = (
				277658E321EA6063007BA05A /* Sources */,
				277658E421EA6063007BA05A /* Frameworks */,
				277658E521EA6063007BA05A /* Resources */,
			);
			buildRules = (
			);
			dependencies = (
				277658E921EA6063007BA05A /* PBXTargetDependency */,
			);
			name = MeteoBarTests;
			productName = MeteoBarTests;
			productReference = 277658E721EA6063007BA05A /* MeteoBarTests.xctest */;
			productType = "com.apple.product-type.bundle.unit-test";
		};
		277658F121EA6063007BA05A /* MeteoBarUITests */ = {
			isa = PBXNativeTarget;
			buildConfigurationList = 2776590121EA6063007BA05A /* Build configuration list for PBXNativeTarget "MeteoBarUITests" */;
			buildPhases = (
				277658EE21EA6063007BA05A /* Sources */,
				277658EF21EA6063007BA05A /* Frameworks */,
				277658F021EA6063007BA05A /* Resources */,
			);
			buildRules = (
			);
			dependencies = (
				277658F421EA6063007BA05A /* PBXTargetDependency */,
			);
			name = MeteoBarUITests;
			productName = MeteoBarUITests;
			productReference = 277658F221EA6063007BA05A /* MeteoBarUITests.xctest */;
			productType = "com.apple.product-type.bundle.ui-testing";
		};
/* End PBXNativeTarget section */

/* Begin PBXProject section */
		277658CF21EA6062007BA05A /* Project object */ = {
			isa = PBXProject;
			attributes = {
				LastSwiftUpdateCheck = 1010;
				LastUpgradeCheck = 1010;
				ORGANIZATIONNAME = "Quantum Joker";
				TargetAttributes = {
					277658D621EA6062007BA05A = {
						CreatedOnToolsVersion = 10.1;
						SystemCapabilities = {
							com.apple.Sandbox = {
								enabled = 1;
							};
						};
					};
					277658E621EA6063007BA05A = {
						CreatedOnToolsVersion = 10.1;
						TestTargetID = 277658D621EA6062007BA05A;
					};
					277658F121EA6063007BA05A = {
						CreatedOnToolsVersion = 10.1;
						TestTargetID = 277658D621EA6062007BA05A;
					};
				};
			};
			buildConfigurationList = 277658D221EA6062007BA05A /* Build configuration list for PBXProject "MeteoBar" */;
			compatibilityVersion = "Xcode 9.3";
			developmentRegion = en;
			hasScannedForEncodings = 0;
			knownRegions = (
				en,
				Base,
			);
			mainGroup = 277658CE21EA6062007BA05A;
			productRefGroup = 277658D821EA6062007BA05A /* Products */;
			projectDirPath = "";
			projectRoot = "";
			targets = (
				277658D621EA6062007BA05A /* MeteoBar */,
				277658E621EA6063007BA05A /* MeteoBarTests */,
				277658F121EA6063007BA05A /* MeteoBarUITests */,
			);
		};
/* End PBXProject section */

/* Begin PBXResourcesBuildPhase section */
		277658D521EA6062007BA05A /* Resources */ = {
			isa = PBXResourcesBuildPhase;
			buildActionMask = 2147483647;
			files = (
				27E6C5BD21ED58C800548CF0 /* books.png in Resources */,
				27CA786121EBA7CD000D517D /* .swiftlint.yml in Resources */,
				2780456821EAB9290026E1F7 /* README.md in Resources */,
				27CA786721EBC06A000D517D /* About.xib in Resources */,
				277658DD21EA6063007BA05A /* Assets.xcassets in Resources */,
				27F8902121F2D24B00F8605E /* Config in Resources */,
				277658E021EA6063007BA05A /* MainMenu.xib in Resources */,
			);
			runOnlyForDeploymentPostprocessing = 0;
		};
		277658E521EA6063007BA05A /* Resources */ = {
			isa = PBXResourcesBuildPhase;
			buildActionMask = 2147483647;
			files = (
			);
			runOnlyForDeploymentPostprocessing = 0;
		};
		277658F021EA6063007BA05A /* Resources */ = {
			isa = PBXResourcesBuildPhase;
			buildActionMask = 2147483647;
			files = (
			);
			runOnlyForDeploymentPostprocessing = 0;
		};
/* End PBXResourcesBuildPhase section */

/* Begin PBXShellScriptBuildPhase section */
		27CA785F21EBA42E000D517D /* ShellScript */ = {
			isa = PBXShellScriptBuildPhase;
			buildActionMask = 2147483647;
			files = (
			);
			inputFileListPaths = (
			);
			inputPaths = (
			);
			outputFileListPaths = (
			);
			outputPaths = (
			);
			runOnlyForDeploymentPostprocessing = 0;
			shellPath = /bin/sh;
			shellScript = "if which swiftlint >/dev/null; then\nswiftlint\nelse\necho \"warning: SwiftLint not installed, download from https://github.com/realm/SwiftLint\"\nfi\n";
		};
		4AAA4E105B95981925D02E2F /* [CP] Embed Pods Frameworks */ = {
			isa = PBXShellScriptBuildPhase;
			buildActionMask = 2147483647;
			files = (
			);
			inputFileListPaths = (
			);
			inputPaths = (
				"${SRCROOT}/Pods/Target Support Files/Pods-MeteoBar/Pods-MeteoBar-frameworks.sh",
				"${BUILT_PRODUCTS_DIR}/Alamofire/Alamofire.framework",
				"${BUILT_PRODUCTS_DIR}/Preferences/Preferences.framework",
				"${BUILT_PRODUCTS_DIR}/Repeat/Repeat.framework",
				"${BUILT_PRODUCTS_DIR}/SwiftyBeaver/SwiftyBeaver.framework",
				"${BUILT_PRODUCTS_DIR}/SwiftyJSON/SwiftyJSON.framework",
				"${BUILT_PRODUCTS_DIR}/SwiftyUserDefaults/SwiftyUserDefaults.framework",
			);
			name = "[CP] Embed Pods Frameworks";
			outputFileListPaths = (
			);
			outputPaths = (
				"${TARGET_BUILD_DIR}/${FRAMEWORKS_FOLDER_PATH}/Alamofire.framework",
				"${TARGET_BUILD_DIR}/${FRAMEWORKS_FOLDER_PATH}/Preferences.framework",
				"${TARGET_BUILD_DIR}/${FRAMEWORKS_FOLDER_PATH}/Repeat.framework",
				"${TARGET_BUILD_DIR}/${FRAMEWORKS_FOLDER_PATH}/SwiftyBeaver.framework",
				"${TARGET_BUILD_DIR}/${FRAMEWORKS_FOLDER_PATH}/SwiftyJSON.framework",
				"${TARGET_BUILD_DIR}/${FRAMEWORKS_FOLDER_PATH}/SwiftyUserDefaults.framework",
			);
			runOnlyForDeploymentPostprocessing = 0;
			shellPath = /bin/sh;
			shellScript = "\"${SRCROOT}/Pods/Target Support Files/Pods-MeteoBar/Pods-MeteoBar-frameworks.sh\"\n";
			showEnvVarsInLog = 0;
		};
		FC7E646D9747A89EDD9B4369 /* [CP] Check Pods Manifest.lock */ = {
			isa = PBXShellScriptBuildPhase;
			buildActionMask = 2147483647;
			files = (
			);
			inputFileListPaths = (
			);
			inputPaths = (
				"${PODS_PODFILE_DIR_PATH}/Podfile.lock",
				"${PODS_ROOT}/Manifest.lock",
			);
			name = "[CP] Check Pods Manifest.lock";
			outputFileListPaths = (
			);
			outputPaths = (
				"$(DERIVED_FILE_DIR)/Pods-MeteoBar-checkManifestLockResult.txt",
			);
			runOnlyForDeploymentPostprocessing = 0;
			shellPath = /bin/sh;
			shellScript = "diff \"${PODS_PODFILE_DIR_PATH}/Podfile.lock\" \"${PODS_ROOT}/Manifest.lock\" > /dev/null\nif [ $? != 0 ] ; then\n    # print error to STDERR\n    echo \"error: The sandbox is not in sync with the Podfile.lock. Run 'pod install' or update your CocoaPods installation.\" >&2\n    exit 1\nfi\n# This output is used by Xcode 'outputs' to avoid re-running this script phase.\necho \"SUCCESS\" > \"${SCRIPT_OUTPUT_FILE_0}\"\n";
			showEnvVarsInLog = 0;
		};
/* End PBXShellScriptBuildPhase section */

/* Begin PBXSourcesBuildPhase section */
		277658D321EA6062007BA05A /* Sources */ = {
			isa = PBXSourcesBuildPhase;
			buildActionMask = 2147483647;
			files = (
				27CC8FEB21F181D500CDDF66 /* MeteobridgeSensor.swift in Sources */,
				27F8901B21F252BA00F8605E /* Meteobridge.swift in Sources */,
				277658DB21EA6062007BA05A /* AppDelegate.swift in Sources */,
				27E6C5BF21ED595500548CF0 /* QLExtensions.swift in Sources */,
				27CC8FED21F1875D00CDDF66 /* MeteoSensorUnit.swift in Sources */,
				27F8901D21F2A25D00F8605E /* WeatherPlatform.swift in Sources */,
				27CA786921EC19DE000D517D /* QJHyperTextField.swift in Sources */,
				27CA785E21EBA22B000D517D /* QuantumLogger.swift in Sources */,
				27A0545821EB8520001F4913 /* MainMenuController.swift in Sources */,
				27CA786B21EC1B4F000D517D /* QJQuickResponseTableView.swift in Sources */,
				27CA786621EBC06A000D517D /* AboutController.swift in Sources */,
				27FCB6FD21F4199700A90715 /* MeteoObservation.swift in Sources */,
			);
			runOnlyForDeploymentPostprocessing = 0;
		};
		277658E321EA6063007BA05A /* Sources */ = {
			isa = PBXSourcesBuildPhase;
			buildActionMask = 2147483647;
			files = (
				277658EC21EA6063007BA05A /* MeteoBarTests.swift in Sources */,
			);
			runOnlyForDeploymentPostprocessing = 0;
		};
		277658EE21EA6063007BA05A /* Sources */ = {
			isa = PBXSourcesBuildPhase;
			buildActionMask = 2147483647;
			files = (
				277658F721EA6063007BA05A /* MeteoBarUITests.swift in Sources */,
			);
			runOnlyForDeploymentPostprocessing = 0;
		};
/* End PBXSourcesBuildPhase section */

/* Begin PBXTargetDependency section */
		277658E921EA6063007BA05A /* PBXTargetDependency */ = {
			isa = PBXTargetDependency;
			target = 277658D621EA6062007BA05A /* MeteoBar */;
			targetProxy = 277658E821EA6063007BA05A /* PBXContainerItemProxy */;
		};
		277658F421EA6063007BA05A /* PBXTargetDependency */ = {
			isa = PBXTargetDependency;
			target = 277658D621EA6062007BA05A /* MeteoBar */;
			targetProxy = 277658F321EA6063007BA05A /* PBXContainerItemProxy */;
		};
/* End PBXTargetDependency section */

/* Begin PBXVariantGroup section */
		277658DE21EA6063007BA05A /* MainMenu.xib */ = {
			isa = PBXVariantGroup;
			children = (
				277658DF21EA6063007BA05A /* Base */,
			);
			name = MainMenu.xib;
			sourceTree = "<group>";
		};
/* End PBXVariantGroup section */

/* Begin XCBuildConfiguration section */
		277658F921EA6063007BA05A /* Debug */ = {
			isa = XCBuildConfiguration;
			buildSettings = {
				ALWAYS_SEARCH_USER_PATHS = NO;
				CLANG_ANALYZER_NONNULL = YES;
				CLANG_ANALYZER_NUMBER_OBJECT_CONVERSION = YES_AGGRESSIVE;
				CLANG_CXX_LANGUAGE_STANDARD = "gnu++14";
				CLANG_CXX_LIBRARY = "libc++";
				CLANG_ENABLE_MODULES = YES;
				CLANG_ENABLE_OBJC_ARC = YES;
				CLANG_ENABLE_OBJC_WEAK = YES;
				CLANG_WARN_BLOCK_CAPTURE_AUTORELEASING = YES;
				CLANG_WARN_BOOL_CONVERSION = YES;
				CLANG_WARN_COMMA = YES;
				CLANG_WARN_CONSTANT_CONVERSION = YES;
				CLANG_WARN_DEPRECATED_OBJC_IMPLEMENTATIONS = YES;
				CLANG_WARN_DIRECT_OBJC_ISA_USAGE = YES_ERROR;
				CLANG_WARN_DOCUMENTATION_COMMENTS = YES;
				CLANG_WARN_EMPTY_BODY = YES;
				CLANG_WARN_ENUM_CONVERSION = YES;
				CLANG_WARN_INFINITE_RECURSION = YES;
				CLANG_WARN_INT_CONVERSION = YES;
				CLANG_WARN_NON_LITERAL_NULL_CONVERSION = YES;
				CLANG_WARN_OBJC_IMPLICIT_RETAIN_SELF = YES;
				CLANG_WARN_OBJC_LITERAL_CONVERSION = YES;
				CLANG_WARN_OBJC_ROOT_CLASS = YES_ERROR;
				CLANG_WARN_RANGE_LOOP_ANALYSIS = YES;
				CLANG_WARN_STRICT_PROTOTYPES = YES;
				CLANG_WARN_SUSPICIOUS_MOVE = YES;
				CLANG_WARN_UNGUARDED_AVAILABILITY = YES_AGGRESSIVE;
				CLANG_WARN_UNREACHABLE_CODE = YES;
				CLANG_WARN__DUPLICATE_METHOD_MATCH = YES;
				CODE_SIGN_IDENTITY = "Mac Developer";
				COPY_PHASE_STRIP = NO;
				DEBUG_INFORMATION_FORMAT = dwarf;
				ENABLE_STRICT_OBJC_MSGSEND = YES;
				ENABLE_TESTABILITY = YES;
				GCC_C_LANGUAGE_STANDARD = gnu11;
				GCC_DYNAMIC_NO_PIC = NO;
				GCC_NO_COMMON_BLOCKS = YES;
				GCC_OPTIMIZATION_LEVEL = 0;
				GCC_PREPROCESSOR_DEFINITIONS = (
					"DEBUG=1",
					"$(inherited)",
				);
				GCC_WARN_64_TO_32_BIT_CONVERSION = YES;
				GCC_WARN_ABOUT_RETURN_TYPE = YES_ERROR;
				GCC_WARN_UNDECLARED_SELECTOR = YES;
				GCC_WARN_UNINITIALIZED_AUTOS = YES_AGGRESSIVE;
				GCC_WARN_UNUSED_FUNCTION = YES;
				GCC_WARN_UNUSED_VARIABLE = YES;
				MACOSX_DEPLOYMENT_TARGET = 10.14;
				MTL_ENABLE_DEBUG_INFO = INCLUDE_SOURCE;
				MTL_FAST_MATH = YES;
				ONLY_ACTIVE_ARCH = YES;
				SDKROOT = macosx;
				SWIFT_ACTIVE_COMPILATION_CONDITIONS = DEBUG;
				SWIFT_OPTIMIZATION_LEVEL = "-Onone";
			};
			name = Debug;
		};
		277658FA21EA6063007BA05A /* Release */ = {
			isa = XCBuildConfiguration;
			buildSettings = {
				ALWAYS_SEARCH_USER_PATHS = NO;
				CLANG_ANALYZER_NONNULL = YES;
				CLANG_ANALYZER_NUMBER_OBJECT_CONVERSION = YES_AGGRESSIVE;
				CLANG_CXX_LANGUAGE_STANDARD = "gnu++14";
				CLANG_CXX_LIBRARY = "libc++";
				CLANG_ENABLE_MODULES = YES;
				CLANG_ENABLE_OBJC_ARC = YES;
				CLANG_ENABLE_OBJC_WEAK = YES;
				CLANG_WARN_BLOCK_CAPTURE_AUTORELEASING = YES;
				CLANG_WARN_BOOL_CONVERSION = YES;
				CLANG_WARN_COMMA = YES;
				CLANG_WARN_CONSTANT_CONVERSION = YES;
				CLANG_WARN_DEPRECATED_OBJC_IMPLEMENTATIONS = YES;
				CLANG_WARN_DIRECT_OBJC_ISA_USAGE = YES_ERROR;
				CLANG_WARN_DOCUMENTATION_COMMENTS = YES;
				CLANG_WARN_EMPTY_BODY = YES;
				CLANG_WARN_ENUM_CONVERSION = YES;
				CLANG_WARN_INFINITE_RECURSION = YES;
				CLANG_WARN_INT_CONVERSION = YES;
				CLANG_WARN_NON_LITERAL_NULL_CONVERSION = YES;
				CLANG_WARN_OBJC_IMPLICIT_RETAIN_SELF = YES;
				CLANG_WARN_OBJC_LITERAL_CONVERSION = YES;
				CLANG_WARN_OBJC_ROOT_CLASS = YES_ERROR;
				CLANG_WARN_RANGE_LOOP_ANALYSIS = YES;
				CLANG_WARN_STRICT_PROTOTYPES = YES;
				CLANG_WARN_SUSPICIOUS_MOVE = YES;
				CLANG_WARN_UNGUARDED_AVAILABILITY = YES_AGGRESSIVE;
				CLANG_WARN_UNREACHABLE_CODE = YES;
				CLANG_WARN__DUPLICATE_METHOD_MATCH = YES;
				CODE_SIGN_IDENTITY = "Mac Developer";
				COPY_PHASE_STRIP = NO;
				DEBUG_INFORMATION_FORMAT = "dwarf-with-dsym";
				ENABLE_NS_ASSERTIONS = NO;
				ENABLE_STRICT_OBJC_MSGSEND = YES;
				GCC_C_LANGUAGE_STANDARD = gnu11;
				GCC_NO_COMMON_BLOCKS = YES;
				GCC_WARN_64_TO_32_BIT_CONVERSION = YES;
				GCC_WARN_ABOUT_RETURN_TYPE = YES_ERROR;
				GCC_WARN_UNDECLARED_SELECTOR = YES;
				GCC_WARN_UNINITIALIZED_AUTOS = YES_AGGRESSIVE;
				GCC_WARN_UNUSED_FUNCTION = YES;
				GCC_WARN_UNUSED_VARIABLE = YES;
				MACOSX_DEPLOYMENT_TARGET = 10.14;
				MTL_ENABLE_DEBUG_INFO = NO;
				MTL_FAST_MATH = YES;
				SDKROOT = macosx;
				SWIFT_COMPILATION_MODE = wholemodule;
				SWIFT_OPTIMIZATION_LEVEL = "-O";
			};
			name = Release;
		};
		277658FC21EA6063007BA05A /* Debug */ = {
			isa = XCBuildConfiguration;
			baseConfigurationReference = 96CECC9637FB5045AF87C31A /* Pods-MeteoBar.debug.xcconfig */;
			buildSettings = {
				ASSETCATALOG_COMPILER_APPICON_NAME = AppIcon;
				CODE_SIGN_ENTITLEMENTS = MeteoBar/MeteoBar.entitlements;
				CODE_SIGN_IDENTITY = "Mac Developer";
				CODE_SIGN_STYLE = Automatic;
				COMBINE_HIDPI_IMAGES = YES;
				DEVELOPMENT_TEAM = 3ETXMLGRJN;
				FRAMEWORK_SEARCH_PATHS = "$(inherited)";
				INFOPLIST_FILE = MeteoBar/Info.plist;
				LD_RUNPATH_SEARCH_PATHS = (
					"$(inherited)",
					"@executable_path/../Frameworks",
				);
				MACOSX_DEPLOYMENT_TARGET = 10.12;
				PRODUCT_BUNDLE_IDENTIFIER = com.quantumjoker.MeteoBar;
				PRODUCT_NAME = "$(TARGET_NAME)";
				PROVISIONING_PROFILE_SPECIFIER = "";
				SWIFT_VERSION = 4.2;
			};
			name = Debug;
		};
		277658FD21EA6063007BA05A /* Release */ = {
			isa = XCBuildConfiguration;
			baseConfigurationReference = 700F686E201CF540D2B18B66 /* Pods-MeteoBar.release.xcconfig */;
			buildSettings = {
				ASSETCATALOG_COMPILER_APPICON_NAME = AppIcon;
				CODE_SIGN_ENTITLEMENTS = MeteoBar/MeteoBar.entitlements;
				CODE_SIGN_IDENTITY = "Mac Developer";
				CODE_SIGN_STYLE = Automatic;
				COMBINE_HIDPI_IMAGES = YES;
				DEVELOPMENT_TEAM = 3ETXMLGRJN;
				FRAMEWORK_SEARCH_PATHS = "$(inherited)";
				INFOPLIST_FILE = MeteoBar/Info.plist;
				LD_RUNPATH_SEARCH_PATHS = (
					"$(inherited)",
					"@executable_path/../Frameworks",
				);
				MACOSX_DEPLOYMENT_TARGET = 10.12;
				PRODUCT_BUNDLE_IDENTIFIER = com.quantumjoker.MeteoBar;
				PRODUCT_NAME = "$(TARGET_NAME)";
				PROVISIONING_PROFILE_SPECIFIER = "";
				SWIFT_VERSION = 4.2;
			};
			name = Release;
		};
		277658FF21EA6063007BA05A /* Debug */ = {
			isa = XCBuildConfiguration;
			buildSettings = {
				ALWAYS_EMBED_SWIFT_STANDARD_LIBRARIES = YES;
				BUNDLE_LOADER = "$(TEST_HOST)";
				CODE_SIGN_STYLE = Automatic;
				COMBINE_HIDPI_IMAGES = YES;
				DEVELOPMENT_TEAM = 3ETXMLGRJN;
				INFOPLIST_FILE = MeteoBarTests/Info.plist;
				LD_RUNPATH_SEARCH_PATHS = (
					"$(inherited)",
					"@executable_path/../Frameworks",
					"@loader_path/../Frameworks",
				);
				PRODUCT_BUNDLE_IDENTIFIER = com.quantumjoker.MeteoBarTests;
				PRODUCT_NAME = "$(TARGET_NAME)";
				SWIFT_VERSION = 4.2;
				TEST_HOST = "$(BUILT_PRODUCTS_DIR)/MeteoBar.app/Contents/MacOS/MeteoBar";
			};
			name = Debug;
		};
		2776590021EA6063007BA05A /* Release */ = {
			isa = XCBuildConfiguration;
			buildSettings = {
				ALWAYS_EMBED_SWIFT_STANDARD_LIBRARIES = YES;
				BUNDLE_LOADER = "$(TEST_HOST)";
				CODE_SIGN_STYLE = Automatic;
				COMBINE_HIDPI_IMAGES = YES;
				DEVELOPMENT_TEAM = 3ETXMLGRJN;
				INFOPLIST_FILE = MeteoBarTests/Info.plist;
				LD_RUNPATH_SEARCH_PATHS = (
					"$(inherited)",
					"@executable_path/../Frameworks",
					"@loader_path/../Frameworks",
				);
				PRODUCT_BUNDLE_IDENTIFIER = com.quantumjoker.MeteoBarTests;
				PRODUCT_NAME = "$(TARGET_NAME)";
				SWIFT_VERSION = 4.2;
				TEST_HOST = "$(BUILT_PRODUCTS_DIR)/MeteoBar.app/Contents/MacOS/MeteoBar";
			};
			name = Release;
		};
		2776590221EA6063007BA05A /* Debug */ = {
			isa = XCBuildConfiguration;
			buildSettings = {
				ALWAYS_EMBED_SWIFT_STANDARD_LIBRARIES = YES;
				CODE_SIGN_STYLE = Automatic;
				COMBINE_HIDPI_IMAGES = YES;
				DEVELOPMENT_TEAM = 3ETXMLGRJN;
				INFOPLIST_FILE = MeteoBarUITests/Info.plist;
				LD_RUNPATH_SEARCH_PATHS = (
					"$(inherited)",
					"@executable_path/../Frameworks",
					"@loader_path/../Frameworks",
				);
				PRODUCT_BUNDLE_IDENTIFIER = com.quantumjoker.MeteoBarUITests;
				PRODUCT_NAME = "$(TARGET_NAME)";
				SWIFT_VERSION = 4.2;
				TEST_TARGET_NAME = MeteoBar;
			};
			name = Debug;
		};
		2776590321EA6063007BA05A /* Release */ = {
			isa = XCBuildConfiguration;
			buildSettings = {
				ALWAYS_EMBED_SWIFT_STANDARD_LIBRARIES = YES;
				CODE_SIGN_STYLE = Automatic;
				COMBINE_HIDPI_IMAGES = YES;
				DEVELOPMENT_TEAM = 3ETXMLGRJN;
				INFOPLIST_FILE = MeteoBarUITests/Info.plist;
				LD_RUNPATH_SEARCH_PATHS = (
					"$(inherited)",
					"@executable_path/../Frameworks",
					"@loader_path/../Frameworks",
				);
				PRODUCT_BUNDLE_IDENTIFIER = com.quantumjoker.MeteoBarUITests;
				PRODUCT_NAME = "$(TARGET_NAME)";
				SWIFT_VERSION = 4.2;
				TEST_TARGET_NAME = MeteoBar;
			};
			name = Release;
		};
/* End XCBuildConfiguration section */

/* Begin XCConfigurationList section */
		277658D221EA6062007BA05A /* Build configuration list for PBXProject "MeteoBar" */ = {
			isa = XCConfigurationList;
			buildConfigurations = (
				277658F921EA6063007BA05A /* Debug */,
				277658FA21EA6063007BA05A /* Release */,
			);
			defaultConfigurationIsVisible = 0;
			defaultConfigurationName = Release;
		};
		277658FB21EA6063007BA05A /* Build configuration list for PBXNativeTarget "MeteoBar" */ = {
			isa = XCConfigurationList;
			buildConfigurations = (
				277658FC21EA6063007BA05A /* Debug */,
				277658FD21EA6063007BA05A /* Release */,
			);
			defaultConfigurationIsVisible = 0;
			defaultConfigurationName = Release;
		};
		277658FE21EA6063007BA05A /* Build configuration list for PBXNativeTarget "MeteoBarTests" */ = {
			isa = XCConfigurationList;
			buildConfigurations = (
				277658FF21EA6063007BA05A /* Debug */,
				2776590021EA6063007BA05A /* Release */,
			);
			defaultConfigurationIsVisible = 0;
			defaultConfigurationName = Release;
		};
		2776590121EA6063007BA05A /* Build configuration list for PBXNativeTarget "MeteoBarUITests" */ = {
			isa = XCConfigurationList;
			buildConfigurations = (
				2776590221EA6063007BA05A /* Debug */,
				2776590321EA6063007BA05A /* Release */,
			);
			defaultConfigurationIsVisible = 0;
			defaultConfigurationName = Release;
		};
/* End XCConfigurationList section */
	};
	rootObject = 277658CF21EA6062007BA05A /* Project object */;
}
